
Microsoft Visual Studio Solution File, Format Version 12.00
# Visual Studio Version 16
VisualStudioVersion = 16.0.30611.23
MinimumVisualStudioVersion = 10.0.40219.1
Project("{FAE04EC0-301F-11D3-BF4B-00C04F79EFBC}") = "RegistroDeUsuario", "RegistroDeUsuario\RegistroDeUsuario.csproj", "{998098E2-1D69-4B1E-B882-E24BCDB9613F}"
EndProject
Global
	GlobalSection(SolutionConfigurationPlatforms) = preSolution
		Debug|Any CPU = Debug|Any CPU
		Release|Any CPU = Release|Any CPU
	EndGlobalSection
	GlobalSection(ProjectConfigurationPlatforms) = postSolution
		{998098E2-1D69-4B1E-B882-E24BCDB9613F}.Debug|Any CPU.ActiveCfg = Debug|Any CPU
		{998098E2-1D69-4B1E-B882-E24BCDB9613F}.Debug|Any CPU.Build.0 = Debug|Any CPU
		{998098E2-1D69-4B1E-B882-E24BCDB9613F}.Release|Any CPU.ActiveCfg = Release|Any CPU
		{998098E2-1D69-4B1E-B882-E24BCDB9613F}.Release|Any CPU.Build.0 = Release|Any CPU
	EndGlobalSection
	GlobalSection(SolutionProperties) = preSolution
		HideSolutionNode = FALSE
	EndGlobalSection
	GlobalSection(ExtensibilityGlobals) = postSolution
		SolutionGuid = {6FB7E3A0-4C1D-4B6D-84DD-FCB8A9E9D037}
	EndGlobalSection
EndGlobal
